# THIS IS AN AUTOGENERATED FILE. DO NOT EDIT THIS FILE DIRECTLY.
# yarn lockfile v1


"@babel/parser@^7.24.7":
  version "7.24.7"
  resolved "https://registry.yarnpkg.com/@babel/parser/-/parser-7.24.7.tgz#9a5226f92f0c5c8ead550b750f5608e766c8ce85"
  integrity sha512-9uUYRm6OqQrCqQdG1iCBwBPZgN8ciDBro2nIOFaiRz1/BCxaI7CNvQbDHvsArAC7Tw9Hda/B3U+6ui9u4HWXPw==

"@fontsource/noto-sans@5.0.22":
  version "5.0.22"
  resolved "https://registry.yarnpkg.com/@fontsource/noto-sans/-/noto-sans-5.0.22.tgz#2c5249347ba84fef16e71a58e0ec01b460174093"
  integrity sha512-PwjvKPGFbgpwfKjWZj1zeUvd7ExUW2AqHE9PF9ysAJ2gOuzIHWE6mEVIlchYif7WC2pQhn+g0w6xooCObVi+4A==

"@jridgewell/sourcemap-codec@^1.4.15":
  version "1.4.15"
  resolved "https://registry.yarnpkg.com/@jridgewell/sourcemap-codec/-/sourcemap-codec-1.4.15.tgz#d7c6e6755c78567a951e04ab52ef0fd26de59f32"
  integrity sha512-eF2rxCRulEKXHTRiDrDy6erMYWqNw4LPdQ8UQA4huuxaQsVeRPFl2oM8oDGxMFhJUWZf9McpLtJasDDZb/Bpeg==

"@vue/compiler-core@3.4.32":
  version "3.4.32"
  resolved "https://registry.yarnpkg.com/@vue/compiler-core/-/compiler-core-3.4.32.tgz#e5db56cf6ebb1971e757a809b0b59a589888c56b"
  integrity sha512-8tCVWkkLe/QCWIsrIvExUGnhYCAOroUs5dzhSoKL5w4MJS8uIYiou+pOPSVIOALOQ80B0jBs+Ri+kd5+MBnCDw==
  dependencies:
    "@babel/parser" "^7.24.7"
    "@vue/shared" "3.4.32"
    entities "^4.5.0"
    estree-walker "^2.0.2"
    source-map-js "^1.2.0"

"@vue/compiler-dom@3.4.32":
  version "3.4.32"
  resolved "https://registry.yarnpkg.com/@vue/compiler-dom/-/compiler-dom-3.4.32.tgz#da8955cb86423d0c300fa6bc778d3493b8f35833"
  integrity sha512-PbSgt9KuYo4fyb90dynuPc0XFTfFPs3sCTbPLOLlo+PrUESW1gn/NjSsUvhR+mI2AmmEzexwYMxbHDldxSOr2A==
  dependencies:
    "@vue/compiler-core" "3.4.32"
    "@vue/shared" "3.4.32"

"@vue/compiler-sfc@3.4.32":
  version "3.4.32"
  resolved "https://registry.yarnpkg.com/@vue/compiler-sfc/-/compiler-sfc-3.4.32.tgz#b9a2299bae586578487a1f7cf925ba1cbba935de"
  integrity sha512-STy9im/WHfaguJnfKjjVpMHukxHUrOKjm2vVCxiojQJyo3Sb6Os8SMXBr/MI+ekpstEGkDONfqAQoSbZhspLYw==
  dependencies:
    "@babel/parser" "^7.24.7"
    "@vue/compiler-core" "3.4.32"
    "@vue/compiler-dom" "3.4.32"
    "@vue/compiler-ssr" "3.4.32"
    "@vue/shared" "3.4.32"
    estree-walker "^2.0.2"
    magic-string "^0.30.10"
    postcss "^8.4.39"
    source-map-js "^1.2.0"

"@vue/compiler-ssr@3.4.32":
  version "3.4.32"
  resolved "https://registry.yarnpkg.com/@vue/compiler-ssr/-/compiler-ssr-3.4.32.tgz#4c412ac0a46d2e2a1e133b503683f6598f027e5b"
  integrity sha512-nyu/txTecF6DrxLrpLcI34xutrvZPtHPBj9yRoPxstIquxeeyywXpYZrQMsIeDfBhlw1abJb9CbbyZvDw2kjdg==
  dependencies:
    "@vue/compiler-dom" "3.4.32"
    "@vue/shared" "3.4.32"

"@vue/reactivity@3.4.32":
  version "3.4.32"
  resolved "https://registry.yarnpkg.com/@vue/reactivity/-/reactivity-3.4.32.tgz#e775f1547a33d3d9c5b37bf8fb5e50d4d5314683"
  integrity sha512-1P7QvghAzhSIWmiNmh4MNkLVjr2QTNDcFv2sKmytEWhR6t7BZzNicgm5ENER4uU++wbWxgRh/pSEYgdI3MDcvg==
  dependencies:
    "@vue/shared" "3.4.32"

"@vue/runtime-core@3.4.32":
  version "3.4.32"
  resolved "https://registry.yarnpkg.com/@vue/runtime-core/-/runtime-core-3.4.32.tgz#db4908b21c1d04f6446abc778a75bf1e29c7e99e"
  integrity sha512-FxT2dTHUs1Hki8Ui/B1Hu339mx4H5kRJooqrNM32tGUHBPStJxwMzLIRbeGO/B1NMplU4Pg9fwOqrJtrOzkdfA==
  dependencies:
    "@vue/reactivity" "3.4.32"
    "@vue/shared" "3.4.32"

"@vue/runtime-dom@3.4.32":
  version "3.4.32"
  resolved "https://registry.yarnpkg.com/@vue/runtime-dom/-/runtime-dom-3.4.32.tgz#3f6c447d1a0e92e0c4d1c30a569ab11dff373118"
  integrity sha512-Xz9G+ZViRyPFQtRBCPFkhMzKn454ihCPMKUiacNaUhuTIXvyfkAq8l89IZ/kegFVyw/7KkJGRGqYdEZrf27Xsg==
  dependencies:
    "@vue/reactivity" "3.4.32"
    "@vue/runtime-core" "3.4.32"
    "@vue/shared" "3.4.32"
    csstype "^3.1.3"

"@vue/server-renderer@3.4.32":
  version "3.4.32"
  resolved "https://registry.yarnpkg.com/@vue/server-renderer/-/server-renderer-3.4.32.tgz#27825f1d1b7193aa3dc872bd5f9601f4bba1aedd"
  integrity sha512-3c4rd0522Ao8hKjzgmUAbcjv2mBnvnw0Ld2f8HOMCuWJZjYie/p8cpIoYJbeP0VV2JYmrJJMwGQDO5RH4iQ30A==
  dependencies:
    "@vue/compiler-ssr" "3.4.32"
    "@vue/shared" "3.4.32"

"@vue/shared@3.4.32":
  version "3.4.32"
  resolved "https://registry.yarnpkg.com/@vue/shared/-/shared-3.4.32.tgz#7d4d21693e37113d5f2b9f6622778515ce1b77b1"
  integrity sha512-ep4mF1IVnX/pYaNwxwOpJHyBtOMKWoKZMbnUyd+z0udqIxLUh7YCCd/JfDna8aUrmnG9SFORyIq2HzEATRrQsg==

bootstrap@4.6.0:
  version "4.6.0"
  resolved "https://registry.npmjs.org/bootstrap/-/bootstrap-4.6.0.tgz"
  integrity sha512-Io55IuQY3kydzHtbGvQya3H+KorS/M9rSNyfCGCg9WZ4pyT/lCxIlpJgG1GXW/PswzC84Tr2fBYi+7+jFVQQBw==

csstype@^3.1.3:
  version "3.1.3"
  resolved "https://registry.yarnpkg.com/csstype/-/csstype-3.1.3.tgz#d80ff294d114fb0e6ac500fbf85b60137d7eff81"
  integrity sha512-M1uQkMl8rQK/szD0LNhtqxIPLpimGm8sOBwU7lLnCpSbTyY3yeU1Vc7l4KT5zT4s/yOxHH5O7tIuuLOCnLADRw==

entities@^4.5.0:
  version "4.5.0"
  resolved "https://registry.yarnpkg.com/entities/-/entities-4.5.0.tgz#5d268ea5e7113ec74c4d033b79ea5a35a488fb48"
  integrity sha512-V0hjH4dGPh9Ao5p0MoRY6BVqtwCjhz6vI5LT8AJ55H+4g9/4vbHx1I54fS0XuclLhDHArPQCiMjDxjaL8fPxhw==

estree-walker@^2.0.2:
  version "2.0.2"
  resolved "https://registry.npmjs.org/estree-walker/-/estree-walker-2.0.2.tgz"
  integrity sha512-Rfkk/Mp/DL7JVje3u18FxFujQlTNR2q6QfMSMB7AvCBx91NGj/ba3kCfza0f6dVDbw7YlRf/nDrn7pQrCCyQ/w==

jquery@3.7.1:
  version "3.7.1"
  resolved "https://registry.yarnpkg.com/jquery/-/jquery-3.7.1.tgz#083ef98927c9a6a74d05a6af02806566d16274de"
  integrity sha512-m4avr8yL8kmFN8psrbFFFmB/If14iN5o9nw/NgnnM+kybDJpRsAynV2BsfpTYrTRysYUdADVD7CkUUizgkpLfg==

magic-string@^0.30.10:
  version "0.30.10"
  resolved "https://registry.yarnpkg.com/magic-string/-/magic-string-0.30.10.tgz#123d9c41a0cb5640c892b041d4cfb3bd0aa4b39e"
  integrity sha512-iIRwTIf0QKV3UAnYK4PU8uiEc4SRh5jX0mwpIwETPpHdhVM4f53RSwS/vXvN1JhGX+Cs7B8qIq3d6AH49O5fAQ==
  dependencies:
    "@jridgewell/sourcemap-codec" "^1.4.15"

marked@13.0.2:
  version "13.0.2"
  resolved "https://registry.yarnpkg.com/marked/-/marked-13.0.2.tgz#d5d05bd2683a85cb9cc6afbe5240e3a8bffcb92a"
  integrity sha512-J6CPjP8pS5sgrRqxVRvkCIkZ6MFdRIjDkwUwgJ9nL2fbmM6qGQeB2C16hi8Cc9BOzj6xXzy0jyi0iPIfnMHYzA==

nanoid@^3.3.7:
  version "3.3.7"
  resolved "https://registry.yarnpkg.com/nanoid/-/nanoid-3.3.7.tgz#d0c301a691bc8d54efa0a2226ccf3fe2fd656bd8"
  integrity sha512-eSRppjcPIatRIMC1U6UngP8XFcz8MQWGQdt1MTBQ7NaAmvXDfvNxbvWV3x2y6CdEUciCSsDHDQZbhYaB8QEo2g==

picocolors@^1.0.1:
  version "1.0.1"
  resolved "https://registry.yarnpkg.com/picocolors/-/picocolors-1.0.1.tgz#a8ad579b571952f0e5d25892de5445bcfe25aaa1"
  integrity sha512-anP1Z8qwhkbmu7MFP5iTt+wQKXgwzf7zTyGlcdzabySa9vd0Xt392U0rVmz9poOaBj0uHJKyyo9/upk0HrEQew==

postcss@^8.4.39:
  version "8.4.39"
  resolved "https://registry.yarnpkg.com/postcss/-/postcss-8.4.39.tgz#aa3c94998b61d3a9c259efa51db4b392e1bde0e3"
  integrity sha512-0vzE+lAiG7hZl1/9I8yzKLx3aR9Xbof3fBHKunvMfOCYAtMhrsnccJY2iTURb9EZd5+pLuiNV9/c/GZJOHsgIw==
  dependencies:
    nanoid "^3.3.7"
    picocolors "^1.0.1"
    source-map-js "^1.2.0"

source-map-js@^1.2.0:
  version "1.2.0"
  resolved "https://registry.yarnpkg.com/source-map-js/-/source-map-js-1.2.0.tgz#16b809c162517b5b8c3e7dcd315a2a5c2612b2af"
  integrity sha512-itJW8lvSA0TXEphiRoawsCksnlf8SyvmFzIhltqAHluXd88pkCd+cXJVHTDwdCr0IzwptSm035IHQktUu1QUMg==

vue@3.4.32:
  version "3.4.32"
  resolved "https://registry.yarnpkg.com/vue/-/vue-3.4.32.tgz#7b88edf5503078789b9ed95bd961de79dc40f047"
  integrity sha512-9mCGIAi/CAq7GtaLLLp2J92pEic+HArstG+pq6F+H7+/jB9a0Z7576n4Bh4k79/50L1cKMIhZC3MC0iGpl+1IA==
  dependencies:
    "@vue/compiler-dom" "3.4.32"
    "@vue/compiler-sfc" "3.4.32"
    "@vue/runtime-dom" "3.4.32"
    "@vue/server-renderer" "3.4.32"
    "@vue/shared" "3.4.32"
